// !$*UTF8*$!
{
	archiveVersion = 1;
	classes = {
	};
	objectVersion = 46;
	objects = {

/* Begin PBXBuildFile section */
		F25554BB1E40BE3000CA03CA /* AppDelegate.swift in Sources */ = {isa = PBXBuildFile; fileRef = F25554BA1E40BE3000CA03CA /* AppDelegate.swift */; };
		F25554BD1E40BE3000CA03CA /* ViewController.swift in Sources */ = {isa = PBXBuildFile; fileRef = F25554BC1E40BE3000CA03CA /* ViewController.swift */; };
		F25554C01E40BE3000CA03CA /* Main.storyboard in Resources */ = {isa = PBXBuildFile; fileRef = F25554BE1E40BE3000CA03CA /* Main.storyboard */; };
		F25554C21E40BE3000CA03CA /* Assets.xcassets in Resources */ = {isa = PBXBuildFile; fileRef = F25554C11E40BE3000CA03CA /* Assets.xcassets */; };
/* End PBXBuildFile section */

/* Begin PBXFileReference section */
		F25554B71E40BE3000CA03CA /* Testar_github.app */ = {isa = PBXFileReference; explicitFileType = wrapper.application; includeInIndex = 0; path = Testar_github.app; sourceTree = BUILT_PRODUCTS_DIR; };
		F25554BA1E40BE3000CA03CA /* AppDelegate.swift */ = {isa = PBXFileReference; lastKnownFileType = sourcecode.swift; path = AppDelegate.swift; sourceTree = "<group>"; };
		F25554BC1E40BE3000CA03CA /* ViewController.swift */ = {isa = PBXFileReference; lastKnownFileType = sourcecode.swift; path = ViewController.swift; sourceTree = "<group>"; };
		F25554BF1E40BE3000CA03CA /* Base */ = {isa = PBXFileReference; lastKnownFileType = file.storyboard; name = Base; path = Base.lproj/Main.storyboard; sourceTree = "<group>"; };
		F25554C11E40BE3000CA03CA /* Assets.xcassets */ = {isa = PBXFileReference; lastKnownFileType = folder.assetcatalog; path = Assets.xcassets; sourceTree = "<group>"; };
		F25554C31E40BE3000CA03CA /* Info.plist */ = {isa = PBXFileReference; lastKnownFileType = text.plist.xml; path = Info.plist; sourceTree = "<group>"; };
/* End PBXFileReference section */

/* Begin PBXFrameworksBuildPhase section */
		F25554B41E40BE3000CA03CA /* Frameworks */ = {
			isa = PBXFrameworksBuildPhase;
			buildActionMask = 2147483647;
			files = (
			);
			runOnlyForDeploymentPostprocessing = 0;
		};
/* End PBXFrameworksBuildPhase section */

/* Begin PBXGroup section */
		F25554AE1E40BE3000CA03CA = {
			isa = PBXGroup;
			children = (
				F25554B91E40BE3000CA03CA /* Testar_github */,
				F25554B81E40BE3000CA03CA /* Products */,
			);
			sourceTree = "<group>";
		};
		F25554B81E40BE3000CA03CA /* Products */ = {
			isa = PBXGroup;
			children = (
				F25554B71E40BE3000CA03CA /* Testar_github.app */,
			);
			name = Products;
			sourceTree = "<group>";
		};
		F25554B91E40BE3000CA03CA /* Testar_github */ = {
			isa = PBXGroup;
			children = (
				F25554BA1E40BE3000CA03CA /* AppDelegate.swift */,
				F25554BC1E40BE3000CA03CA /* ViewController.swift */,
				F25554BE1E40BE3000CA03CA /* Main.storyboard */,
				F25554C11E40BE3000CA03CA /* Assets.xcassets */,
				F25554C31E40BE3000CA03CA /* Info.plist */,
			);
			path = Testar_github;
			sourceTree = "<group>";
		};
/* End PBXGroup section */

/* Begin PBXNativeTarget section */
		F25554B61E40BE3000CA03CA /* Testar_github */ = {
			isa = PBXNativeTarget;
			buildConfigurationList = F25554C61E40BE3000CA03CA /* Build configuration list for PBXNativeTarget "Testar_github" */;
			buildPhases = (
				F25554B31E40BE3000CA03CA /* Sources */,
				F25554B41E40BE3000CA03CA /* Frameworks */,
				F25554B51E40BE3000CA03CA /* Resources */,
			);
			buildRules = (
			);
			dependencies = (
			);
			name = Testar_github;
			productName = Testar_github;
			productReference = F25554B71E40BE3000CA03CA /* Testar_github.app */;
			productType = "com.apple.product-type.application";
		};
/* End PBXNativeTarget section */

/* Begin PBXProject section */
		F25554AF1E40BE3000CA03CA /* Project object */ = {
			isa = PBXProject;
			attributes = {
				LastSwiftUpdateCheck = 0820;
				LastUpgradeCheck = 0820;
				ORGANIZATIONNAME = "Roger Wallgren";
				TargetAttributes = {
					F25554B61E40BE3000CA03CA = {
						CreatedOnToolsVersion = 8.2.1;
						DevelopmentTeam = G899Q752XZ;
						ProvisioningStyle = Automatic;
					};
				};
			};
			buildConfigurationList = F25554B21E40BE3000CA03CA /* Build configuration list for PBXProject "Testar_github" */;
			compatibilityVersion = "Xcode 3.2";
			developmentRegion = English;
			hasScannedForEncodings = 0;
			knownRegions = (
				en,
				Base,
			);
			mainGroup = F25554AE1E40BE3000CA03CA;
			productRefGroup = F25554B81E40BE3000CA03CA /* Products */;
			projectDirPath = "";
			projectRoot = "";
			targets = (
				F25554B61E40BE3000CA03CA /* Testar_github */,
			);
		};
/* End PBXProject section */

/* Begin PBXResourcesBuildPhase section */
		F25554B51E40BE3000CA03CA /* Resources */ = {
			isa = PBXResourcesBuildPhase;
			buildActionMask = 2147483647;
			files = (
				F25554C21E40BE3000CA03CA /* Assets.xcassets in Resources */,
				F25554C01E40BE3000CA03CA /* Main.storyboard in Resources */,
			);
			runOnlyForDeploymentPostprocessing = 0;
		};
/* End PBXResourcesBuildPhase section */

/* Begin PBXSourcesBuildPhase section */
		F25554B31E40BE3000CA03CA /* Sources */ = {
			isa = PBXSourcesBuildPhase;
			buildActionMask = 2147483647;
			files = (
				F25554BD1E40BE3000CA03CA /* ViewController.swift in Sources */,
				F25554BB1E40BE3000CA03CA /* AppDelegate.swift in Sources */,
			);
			runOnlyForDeploymentPostprocessing = 0;
		};
/* End PBXSourcesBuildPhase section */

/* Begin PBXVariantGroup section */
		F25554BE1E40BE3000CA03CA /* Main.storyboard */ = {
			isa = PBXVariantGroup;
			children = (
				F25554BF1E40BE3000CA03CA /* Base */,
			);
			name = Main.storyboard;
			sourceTree = "<group>";
		};
/* End PBXVariantGroup section */

/* Begin XCBuildConfiguration section */
		F25554C41E40BE3000CA03CA /* Debug */ = {
			isa = XCBuildConfiguration;
			buildSettings = {
				ALWAYS_SEARCH_USER_PATHS = NO;
				CLANG_ANALYZER_NONNULL = YES;
				CLANG_CXX_LANGUAGE_STANDARD = "gnu++0x";
				CLANG_CXX_LIBRARY = "libc++";
				CLANG_ENABLE_MODULES = YES;
				CLANG_ENABLE_OBJC_ARC = YES;
				CLANG_WARN_BOOL_CONVERSION = YES;
				CLANG_WARN_CONSTANT_CONVERSION = YES;
				CLANG_WARN_DIRECT_OBJC_ISA_USAGE = YES_ERROR;
				CLANG_WARN_DOCUMENTATION_COMMENTS = YES;
				CLANG_WARN_EMPTY_BODY = YES;
				CLANG_WARN_ENUM_CONVERSION = YES;
				CLANG_WARN_INFINITE_RECURSION = YES;
				CLANG_WARN_INT_CONVERSION = YES;
				CLANG_WARN_OBJC_ROOT_CLASS = YES_ERROR;
				CLANG_WARN_SUSPICIOUS_MOVE = YES;
				CLANG_WARN_UNREACHABLE_CODE = YES;
				CLANG_WARN__DUPLICATE_METHOD_MATCH = YES;
				COPY_PHASE_STRIP = NO;
				DEBUG_INFORMATION_FORMAT = dwarf;
				ENABLE_STRICT_OBJC_MSGSEND = YES;
				ENABLE_TESTABILITY = YES;
				GCC_C_LANGUAGE_STANDARD = gnu99;
				GCC_DYNAMIC_NO_PIC = NO;
				GCC_NO_COMMON_BLOCKS = YES;
				GCC_OPTIMIZATION_LEVEL = 0;
				GCC_PREPROCESSOR_DEFINITIONS = (
					"DEBUG=1",
					"$(inherited)",
				);
				GCC_WARN_64_TO_32_BIT_CONVERSION = YES;
				GCC_WARN_ABOUT_RETURN_TYPE = YES_ERROR;
				GCC_WARN_UNDECLARED_SELECTOR = YES;
				GCC_WARN_UNINITIALIZED_AUTOS = YES_AGGRESSIVE;
				GCC_WARN_UNUSED_FUNCTION = YES;
				GCC_WARN_UNUSED_VARIABLE = YES;
				MTL_ENABLE_DEBUG_INFO = YES;
				ONLY_ACTIVE_ARCH = YES;
				SDKROOT = appletvos;
				SWIFT_ACTIVE_COMPILATION_CONDITIONS = DEBUG;
				SWIFT_OPTIMIZATION_LEVEL = "-Onone";
				TARGETED_DEVICE_FAMILY = 3;
				TVOS_DEPLOYMENT_TARGET = 10.1;
			};
			name = Debug;
		};
		F25554C51E40BE3000CA03CA /* Release */ = {
			isa = XCBuildConfiguration;
			buildSettings = {
				ALWAYS_SEARCH_USER_PATHS = NO;
				CLANG_ANALYZER_NONNULL = YES;
				CLANG_CXX_LANGUAGE_STANDARD = "gnu++0x";
				CLANG_CXX_LIBRARY = "libc++";
				CLANG_ENABLE_MODULES = YES;
				CLANG_ENABLE_OBJC_ARC = YES;
				CLANG_WARN_BOOL_CONVERSION = YES;
				CLANG_WARN_CONSTANT_CONVERSION = YES;
				CLANG_WARN_DIRECT_OBJC_ISA_USAGE = YES_ERROR;
				CLANG_WARN_DOCUMENTATION_COMMENTS = YES;
				CLANG_WARN_EMPTY_BODY = YES;
				CLANG_WARN_ENUM_CONVERSION = YES;
				CLANG_WARN_INFINITE_RECURSION = YES;
				CLANG_WARN_INT_CONVERSION = YES;
				CLANG_WARN_OBJC_ROOT_CLASS = YES_ERROR;
				CLANG_WARN_SUSPICIOUS_MOVE = YES;
				CLANG_WARN_UNREACHABLE_CODE = YES;
				CLANG_WARN__DUPLICATE_METHOD_MATCH = YES;
				COPY_PHASE_STRIP = NO;
				DEBUG_INFORMATION_FORMAT = "dwarf-with-dsym";
				ENABLE_NS_ASSERTIONS = NO;
				ENABLE_STRICT_OBJC_MSGSEND = YES;
				GCC_C_LANGUAGE_STANDARD = gnu99;
				GCC_NO_COMMON_BLOCKS = YES;
				GCC_WARN_64_TO_32_BIT_CONVERSION = YES;
				GCC_WARN_ABOUT_RETURN_TYPE = YES_ERROR;
				GCC_WARN_UNDECLARED_SELECTOR = YES;
				GCC_WARN_UNINITIALIZED_AUTOS = YES_AGGRESSIVE;
				GCC_WARN_UNUSED_FUNCTION = YES;
				GCC_WARN_UNUSED_VARIABLE = YES;
				MTL_ENABLE_DEBUG_INFO = NO;
				SDKROOT = appletvos;
				SWIFT_OPTIMIZATION_LEVEL = "-Owholemodule";
				TARGETED_DEVICE_FAMILY = 3;
				TVOS_DEPLOYMENT_TARGET = 10.1;
				VALIDATE_PRODUCT = YES;
			};
			name = Release;
		};
		F25554C71E40BE3000CA03CA /* Debug */ = {
			isa = XCBuildConfiguration;
			buildSettings = {
				ASSETCATALOG_COMPILER_APPICON_NAME = "App Icon & Top Shelf Image";
				ASSETCATALOG_COMPILER_LAUNCHIMAGE_NAME = LaunchImage;
				DEVELOPMENT_TEAM = G899Q752XZ;
				INFOPLIST_FILE = Testar_github/Info.plist;
				LD_RUNPATH_SEARCH_PATHS = "$(inherited) @executable_path/Frameworks";
				PRODUCT_BUNDLE_IDENTIFIER = "se.halsingegymnaset.Testar-github";
				PRODUCT_NAME = "$(TARGET_NAME)";
				SWIFT_VERSION = 3.0;
			};
			name = Debug;
		};
		F25554C81E40BE3000CA03CA /* Release */ = {
			isa = XCBuildConfiguration;
			buildSettings = {
				ASSETCATALOG_COMPILER_APPICON_NAME = "App Icon & Top Shelf Image";
				ASSETCATALOG_COMPILER_LAUNCHIMAGE_NAME = LaunchImage;
				DEVELOPMENT_TEAM = G899Q752XZ;
				INFOPLIST_FILE = Testar_github/Info.plist;
				LD_RUNPATH_SEARCH_PATHS = "$(inherited) @executable_path/Frameworks";
				PRODUCT_BUNDLE_IDENTIFIER = "se.halsingegymnaset.Testar-github";
				PRODUCT_NAME = "$(TARGET_NAME)";
				SWIFT_VERSION = 3.0;
			};
			name = Release;
		};
/* End XCBuildConfiguration section */

/* Begin XCConfigurationList section */
		F25554B21E40BE3000CA03CA /* Build configuration list for PBXProject "Testar_github" */ = {
			isa = XCConfigurationList;
			buildConfigurations = (
				F25554C41E40BE3000CA03CA /* Debug */,
				F25554C51E40BE3000CA03CA /* Release */,
			);
			defaultConfigurationIsVisible = 0;
			defaultConfigurationName = Release;
		};
		F25554C61E40BE3000CA03CA /* Build configuration list for PBXNativeTarget "Testar_github" */ = {
			isa = XCConfigurationList;
			buildConfigurations = (
				F25554C71E40BE3000CA03CA /* Debug */,
				F25554C81E40BE3000CA03CA /* Release */,
			);
			defaultConfigurationIsVisible = 0;
		};
/* End XCConfigurationList section */
	};
	rootObject = F25554AF1E40BE3000CA03CA /* Project object */;
}
